
Microsoft Visual Studio Solution File, Format Version 12.00
# Visual Studio Version 16
VisualStudioVersion = 16.0.29102.190
MinimumVisualStudioVersion = 10.0.40219.1
Project("{8BC9CEB8-8B4A-11D0-8D11-00A0C91BC942}") = "testbed", "testbed\testbed.vcxproj", "{6ADDFB92-CDCE-4EAF-8A8C-9B5769F96C2F}"
EndProject
Global
	GlobalSection(SolutionConfigurationPlatforms) = preSolution
		Debug|x64 = Debug|x64
		Debug|x86 = Debug|x86
		Release|x64 = Release|x64
		Release|x86 = Release|x86
	EndGlobalSection
	GlobalSection(ProjectConfigurationPlatforms) = postSolution
		{6ADDFB92-CDCE-4EAF-8A8C-9B5769F96C2F}.Debug|x64.ActiveCfg = Debug|x64
		{6ADDFB92-CDCE-4EAF-8A8C-9B5769F96C2F}.Debug|x64.Build.0 = Debug|x64
		{6ADDFB92-CDCE-4EAF-8A8C-9B5769F96C2F}.Debug|x86.ActiveCfg = Debug|Win32
		{6ADDFB92-CDCE-4EAF-8A8C-9B5769F96C2F}.Debug|x86.Build.0 = Debug|Win32
		{6ADDFB92-CDCE-4EAF-8A8C-9B5769F96C2F}.Release|x64.ActiveCfg = Release|x64
		{6ADDFB92-CDCE-4EAF-8A8C-9B5769F96C2F}.Release|x64.Build.0 = Release|x64
		{6ADDFB92-CDCE-4EAF-8A8C-9B5769F96C2F}.Release|x86.ActiveCfg = Release|Win32
		{6ADDFB92-CDCE-4EAF-8A8C-9B5769F96C2F}.Release|x86.Build.0 = Release|Win32
	EndGlobalSection
	GlobalSection(SolutionProperties) = preSolution
		HideSolutionNode = FALSE
	EndGlobalSection
	GlobalSection(ExtensibilityGlobals) = postSolution
		SolutionGuid = {2A97E44D-B5C7-48D9-B90D-BE188C73074B}
	EndGlobalSection
EndGlobal
